// !$*UTF8*$!
{
	archiveVersion = 1;
	classes = {
	};
	objectVersion = 55;
	objects = {

/* Begin PBXBuildFile section */
		906953E7966533EC8919F62C /* Pods_ExamCountdown.framework in Frameworks */ = {isa = PBXBuildFile; fileRef = 122E7E9098713B893E2CE79C /* Pods_ExamCountdown.framework */; };
		A9970AC12A13832C00C91BA5 /* AppDelegate.swift in Sources */ = {isa = PBXBuildFile; fileRef = A9970AC02A13832C00C91BA5 /* AppDelegate.swift */; };
		A9970AC32A13832C00C91BA5 /* SceneDelegate.swift in Sources */ = {isa = PBXBuildFile; fileRef = A9970AC22A13832C00C91BA5 /* SceneDelegate.swift */; };
		A9970ACA2A13832E00C91BA5 /* Assets.xcassets in Resources */ = {isa = PBXBuildFile; fileRef = A9970AC92A13832E00C91BA5 /* Assets.xcassets */; };
		A9970ACD2A13832E00C91BA5 /* LaunchScreen.storyboard in Resources */ = {isa = PBXBuildFile; fileRef = A9970ACB2A13832E00C91BA5 /* LaunchScreen.storyboard */; };
		A9970ADD2A138A4300C91BA5 /* EventViewController.swift in Sources */ = {isa = PBXBuildFile; fileRef = A9970ADC2A138A4300C91BA5 /* EventViewController.swift */; };
		A9970ADF2A138A5D00C91BA5 /* CountdownViewController.swift in Sources */ = {isa = PBXBuildFile; fileRef = A9970ADE2A138A5D00C91BA5 /* CountdownViewController.swift */; };
		A9CB6F7A2A1395DC0069E3D9 /* Gradient+Extension.swift in Sources */ = {isa = PBXBuildFile; fileRef = A9CB6F792A1395DC0069E3D9 /* Gradient+Extension.swift */; };
		A9CB6F7C2A139BDC0069E3D9 /* Color+Extension.swift in Sources */ = {isa = PBXBuildFile; fileRef = A9CB6F7B2A139BDC0069E3D9 /* Color+Extension.swift */; };
/* End PBXBuildFile section */

/* Begin PBXFileReference section */
		122E7E9098713B893E2CE79C /* Pods_ExamCountdown.framework */ = {isa = PBXFileReference; explicitFileType = wrapper.framework; includeInIndex = 0; path = Pods_ExamCountdown.framework; sourceTree = BUILT_PRODUCTS_DIR; };
		7275EA559529C4F1827A50CB /* Pods-ExamCountdown.release.xcconfig */ = {isa = PBXFileReference; includeInIndex = 1; lastKnownFileType = text.xcconfig; name = "Pods-ExamCountdown.release.xcconfig"; path = "Target Support Files/Pods-ExamCountdown/Pods-ExamCountdown.release.xcconfig"; sourceTree = "<group>"; };
		75FF7C16134E77234BE4F03E /* Pods-ExamCountdown.debug.xcconfig */ = {isa = PBXFileReference; includeInIndex = 1; lastKnownFileType = text.xcconfig; name = "Pods-ExamCountdown.debug.xcconfig"; path = "Target Support Files/Pods-ExamCountdown/Pods-ExamCountdown.debug.xcconfig"; sourceTree = "<group>"; };
		A9970ABD2A13832C00C91BA5 /* ExamCountdown.app */ = {isa = PBXFileReference; explicitFileType = wrapper.application; includeInIndex = 0; path = ExamCountdown.app; sourceTree = BUILT_PRODUCTS_DIR; };
		A9970AC02A13832C00C91BA5 /* AppDelegate.swift */ = {isa = PBXFileReference; lastKnownFileType = sourcecode.swift; path = AppDelegate.swift; sourceTree = "<group>"; };
		A9970AC22A13832C00C91BA5 /* SceneDelegate.swift */ = {isa = PBXFileReference; lastKnownFileType = sourcecode.swift; path = SceneDelegate.swift; sourceTree = "<group>"; };
		A9970AC92A13832E00C91BA5 /* Assets.xcassets */ = {isa = PBXFileReference; lastKnownFileType = folder.assetcatalog; path = Assets.xcassets; sourceTree = "<group>"; };
		A9970ACC2A13832E00C91BA5 /* Base */ = {isa = PBXFileReference; lastKnownFileType = file.storyboard; name = Base; path = Base.lproj/LaunchScreen.storyboard; sourceTree = "<group>"; };
		A9970ACE2A13832E00C91BA5 /* Info.plist */ = {isa = PBXFileReference; lastKnownFileType = text.plist.xml; path = Info.plist; sourceTree = "<group>"; };
		A9970ADC2A138A4300C91BA5 /* EventViewController.swift */ = {isa = PBXFileReference; lastKnownFileType = sourcecode.swift; path = EventViewController.swift; sourceTree = "<group>"; };
		A9970ADE2A138A5D00C91BA5 /* CountdownViewController.swift */ = {isa = PBXFileReference; lastKnownFileType = sourcecode.swift; path = CountdownViewController.swift; sourceTree = "<group>"; };
		A9CB6F792A1395DC0069E3D9 /* Gradient+Extension.swift */ = {isa = PBXFileReference; lastKnownFileType = sourcecode.swift; path = "Gradient+Extension.swift"; sourceTree = "<group>"; };
		A9CB6F7B2A139BDC0069E3D9 /* Color+Extension.swift */ = {isa = PBXFileReference; lastKnownFileType = sourcecode.swift; path = "Color+Extension.swift"; sourceTree = "<group>"; };
/* End PBXFileReference section */

/* Begin PBXFrameworksBuildPhase section */
		A9970ABA2A13832C00C91BA5 /* Frameworks */ = {
			isa = PBXFrameworksBuildPhase;
			buildActionMask = 2147483647;
			files = (
				906953E7966533EC8919F62C /* Pods_ExamCountdown.framework in Frameworks */,
			);
			runOnlyForDeploymentPostprocessing = 0;
		};
/* End PBXFrameworksBuildPhase section */

/* Begin PBXGroup section */
		3C61561A95D0519F2DC9F368 /* Frameworks */ = {
			isa = PBXGroup;
			children = (
				122E7E9098713B893E2CE79C /* Pods_ExamCountdown.framework */,
			);
			name = Frameworks;
			sourceTree = "<group>";
		};
		A65383C2A8E8C384A3F6C61E /* Pods */ = {
			isa = PBXGroup;
			children = (
				75FF7C16134E77234BE4F03E /* Pods-ExamCountdown.debug.xcconfig */,
				7275EA559529C4F1827A50CB /* Pods-ExamCountdown.release.xcconfig */,
			);
			name = Pods;
			path = Pods;
			sourceTree = "<group>";
		};
		A9970AB42A13832C00C91BA5 = {
			isa = PBXGroup;
			children = (
				A9970ABF2A13832C00C91BA5 /* ExamCountdown */,
				A9970ABE2A13832C00C91BA5 /* Products */,
				A65383C2A8E8C384A3F6C61E /* Pods */,
				3C61561A95D0519F2DC9F368 /* Frameworks */,
			);
			sourceTree = "<group>";
		};
		A9970ABE2A13832C00C91BA5 /* Products */ = {
			isa = PBXGroup;
			children = (
				A9970ABD2A13832C00C91BA5 /* ExamCountdown.app */,
			);
			name = Products;
			sourceTree = "<group>";
		};
		A9970ABF2A13832C00C91BA5 /* ExamCountdown */ = {
			isa = PBXGroup;
			children = (
				A9970AE02A13957500C91BA5 /* Extensions */,
				A9970AD42A13879800C91BA5 /* Features */,
				A9970AC02A13832C00C91BA5 /* AppDelegate.swift */,
				A9970AC22A13832C00C91BA5 /* SceneDelegate.swift */,
				A9970AC92A13832E00C91BA5 /* Assets.xcassets */,
				A9970ACB2A13832E00C91BA5 /* LaunchScreen.storyboard */,
				A9970ACE2A13832E00C91BA5 /* Info.plist */,
			);
			path = ExamCountdown;
			sourceTree = "<group>";
		};
		A9970AD42A13879800C91BA5 /* Features */ = {
			isa = PBXGroup;
			children = (
				A9970ADB2A138A3300C91BA5 /* ViewControllers */,
				A9970ADA2A1388EF00C91BA5 /* Base */,
			);
			path = Features;
			sourceTree = "<group>";
		};
		A9970ADA2A1388EF00C91BA5 /* Base */ = {
			isa = PBXGroup;
			children = (
			);
			path = Base;
			sourceTree = "<group>";
		};
		A9970ADB2A138A3300C91BA5 /* ViewControllers */ = {
			isa = PBXGroup;
			children = (
				A9970ADC2A138A4300C91BA5 /* EventViewController.swift */,
				A9970ADE2A138A5D00C91BA5 /* CountdownViewController.swift */,
			);
			path = ViewControllers;
			sourceTree = "<group>";
		};
		A9970AE02A13957500C91BA5 /* Extensions */ = {
			isa = PBXGroup;
			children = (
				A9CB6F792A1395DC0069E3D9 /* Gradient+Extension.swift */,
				A9CB6F7B2A139BDC0069E3D9 /* Color+Extension.swift */,
			);
			path = Extensions;
			sourceTree = "<group>";
		};
/* End PBXGroup section */

/* Begin PBXNativeTarget section */
		A9970ABC2A13832C00C91BA5 /* ExamCountdown */ = {
			isa = PBXNativeTarget;
			buildConfigurationList = A9970AD12A13832E00C91BA5 /* Build configuration list for PBXNativeTarget "ExamCountdown" */;
			buildPhases = (
				92815A653421206882D48CD9 /* [CP] Check Pods Manifest.lock */,
				A9970AB92A13832C00C91BA5 /* Sources */,
				A9970ABA2A13832C00C91BA5 /* Frameworks */,
				A9970ABB2A13832C00C91BA5 /* Resources */,
				17C3D31D2E7E9584203D3DEB /* [CP] Embed Pods Frameworks */,
			);
			buildRules = (
			);
			dependencies = (
			);
			name = ExamCountdown;
			productName = ExamCountdown;
			productReference = A9970ABD2A13832C00C91BA5 /* ExamCountdown.app */;
			productType = "com.apple.product-type.application";
		};
/* End PBXNativeTarget section */

/* Begin PBXProject section */
		A9970AB52A13832C00C91BA5 /* Project object */ = {
			isa = PBXProject;
			attributes = {
				BuildIndependentTargetsInParallel = 1;
				LastSwiftUpdateCheck = 1340;
				LastUpgradeCheck = 1340;
				TargetAttributes = {
					A9970ABC2A13832C00C91BA5 = {
						CreatedOnToolsVersion = 13.4.1;
					};
				};
			};
			buildConfigurationList = A9970AB82A13832C00C91BA5 /* Build configuration list for PBXProject "ExamCountdown" */;
			compatibilityVersion = "Xcode 13.0";
			developmentRegion = en;
			hasScannedForEncodings = 0;
			knownRegions = (
				en,
				Base,
			);
			mainGroup = A9970AB42A13832C00C91BA5;
			productRefGroup = A9970ABE2A13832C00C91BA5 /* Products */;
			projectDirPath = "";
			projectRoot = "";
			targets = (
				A9970ABC2A13832C00C91BA5 /* ExamCountdown */,
			);
		};
/* End PBXProject section */

/* Begin PBXResourcesBuildPhase section */
		A9970ABB2A13832C00C91BA5 /* Resources */ = {
			isa = PBXResourcesBuildPhase;
			buildActionMask = 2147483647;
			files = (
				A9970ACD2A13832E00C91BA5 /* LaunchScreen.storyboard in Resources */,
				A9970ACA2A13832E00C91BA5 /* Assets.xcassets in Resources */,
			);
			runOnlyForDeploymentPostprocessing = 0;
		};
/* End PBXResourcesBuildPhase section */

/* Begin PBXShellScriptBuildPhase section */
		17C3D31D2E7E9584203D3DEB /* [CP] Embed Pods Frameworks */ = {
			isa = PBXShellScriptBuildPhase;
			buildActionMask = 2147483647;
			files = (
			);
			inputFileListPaths = (
				"${PODS_ROOT}/Target Support Files/Pods-ExamCountdown/Pods-ExamCountdown-frameworks-${CONFIGURATION}-input-files.xcfilelist",
			);
			name = "[CP] Embed Pods Frameworks";
			outputFileListPaths = (
				"${PODS_ROOT}/Target Support Files/Pods-ExamCountdown/Pods-ExamCountdown-frameworks-${CONFIGURATION}-output-files.xcfilelist",
			);
			runOnlyForDeploymentPostprocessing = 0;
			shellPath = /bin/sh;
			shellScript = "\"${PODS_ROOT}/Target Support Files/Pods-ExamCountdown/Pods-ExamCountdown-frameworks.sh\"\n";
			showEnvVarsInLog = 0;
		};
		92815A653421206882D48CD9 /* [CP] Check Pods Manifest.lock */ = {
			isa = PBXShellScriptBuildPhase;
			buildActionMask = 2147483647;
			files = (
			);
			inputFileListPaths = (
			);
			inputPaths = (
				"${PODS_PODFILE_DIR_PATH}/Podfile.lock",
				"${PODS_ROOT}/Manifest.lock",
			);
			name = "[CP] Check Pods Manifest.lock";
			outputFileListPaths = (
			);
			outputPaths = (
				"$(DERIVED_FILE_DIR)/Pods-ExamCountdown-checkManifestLockResult.txt",
			);
			runOnlyForDeploymentPostprocessing = 0;
			shellPath = /bin/sh;
			shellScript = "diff \"${PODS_PODFILE_DIR_PATH}/Podfile.lock\" \"${PODS_ROOT}/Manifest.lock\" > /dev/null\nif [ $? != 0 ] ; then\n    # print error to STDERR\n    echo \"error: The sandbox is not in sync with the Podfile.lock. Run 'pod install' or update your CocoaPods installation.\" >&2\n    exit 1\nfi\n# This output is used by Xcode 'outputs' to avoid re-running this script phase.\necho \"SUCCESS\" > \"${SCRIPT_OUTPUT_FILE_0}\"\n";
			showEnvVarsInLog = 0;
		};
/* End PBXShellScriptBuildPhase section */

/* Begin PBXSourcesBuildPhase section */
		A9970AB92A13832C00C91BA5 /* Sources */ = {
			isa = PBXSourcesBuildPhase;
			buildActionMask = 2147483647;
			files = (
				A9CB6F7A2A1395DC0069E3D9 /* Gradient+Extension.swift in Sources */,
				A9CB6F7C2A139BDC0069E3D9 /* Color+Extension.swift in Sources */,
				A9970ADF2A138A5D00C91BA5 /* CountdownViewController.swift in Sources */,
				A9970AC12A13832C00C91BA5 /* AppDelegate.swift in Sources */,
				A9970AC32A13832C00C91BA5 /* SceneDelegate.swift in Sources */,
				A9970ADD2A138A4300C91BA5 /* EventViewController.swift in Sources */,
			);
			runOnlyForDeploymentPostprocessing = 0;
		};
/* End PBXSourcesBuildPhase section */

/* Begin PBXVariantGroup section */
		A9970ACB2A13832E00C91BA5 /* LaunchScreen.storyboard */ = {
			isa = PBXVariantGroup;
			children = (
				A9970ACC2A13832E00C91BA5 /* Base */,
			);
			name = LaunchScreen.storyboard;
			sourceTree = "<group>";
		};
/* End PBXVariantGroup section */

/* Begin XCBuildConfiguration section */
		A9970ACF2A13832E00C91BA5 /* Debug */ = {
			isa = XCBuildConfiguration;
			buildSettings = {
				ALWAYS_SEARCH_USER_PATHS = NO;
				CLANG_ANALYZER_NONNULL = YES;
				CLANG_ANALYZER_NUMBER_OBJECT_CONVERSION = YES_AGGRESSIVE;
				CLANG_CXX_LANGUAGE_STANDARD = "gnu++17";
				CLANG_ENABLE_MODULES = YES;
				CLANG_ENABLE_OBJC_ARC = YES;
				CLANG_ENABLE_OBJC_WEAK = YES;
				CLANG_WARN_BLOCK_CAPTURE_AUTORELEASING = YES;
				CLANG_WARN_BOOL_CONVERSION = YES;
				CLANG_WARN_COMMA = YES;
				CLANG_WARN_CONSTANT_CONVERSION = YES;
				CLANG_WARN_DEPRECATED_OBJC_IMPLEMENTATIONS = YES;
				CLANG_WARN_DIRECT_OBJC_ISA_USAGE = YES_ERROR;
				CLANG_WARN_DOCUMENTATION_COMMENTS = YES;
				CLANG_WARN_EMPTY_BODY = YES;
				CLANG_WARN_ENUM_CONVERSION = YES;
				CLANG_WARN_INFINITE_RECURSION = YES;
				CLANG_WARN_INT_CONVERSION = YES;
				CLANG_WARN_NON_LITERAL_NULL_CONVERSION = YES;
				CLANG_WARN_OBJC_IMPLICIT_RETAIN_SELF = YES;
				CLANG_WARN_OBJC_LITERAL_CONVERSION = YES;
				CLANG_WARN_OBJC_ROOT_CLASS = YES_ERROR;
				CLANG_WARN_QUOTED_INCLUDE_IN_FRAMEWORK_HEADER = YES;
				CLANG_WARN_RANGE_LOOP_ANALYSIS = YES;
				CLANG_WARN_STRICT_PROTOTYPES = YES;
				CLANG_WARN_SUSPICIOUS_MOVE = YES;
				CLANG_WARN_UNGUARDED_AVAILABILITY = YES_AGGRESSIVE;
				CLANG_WARN_UNREACHABLE_CODE = YES;
				CLANG_WARN__DUPLICATE_METHOD_MATCH = YES;
				COPY_PHASE_STRIP = NO;
				DEBUG_INFORMATION_FORMAT = dwarf;
				ENABLE_STRICT_OBJC_MSGSEND = YES;
				ENABLE_TESTABILITY = YES;
				GCC_C_LANGUAGE_STANDARD = gnu11;
				GCC_DYNAMIC_NO_PIC = NO;
				GCC_NO_COMMON_BLOCKS = YES;
				GCC_OPTIMIZATION_LEVEL = 0;
				GCC_PREPROCESSOR_DEFINITIONS = (
					"DEBUG=1",
					"$(inherited)",
				);
				GCC_WARN_64_TO_32_BIT_CONVERSION = YES;
				GCC_WARN_ABOUT_RETURN_TYPE = YES_ERROR;
				GCC_WARN_UNDECLARED_SELECTOR = YES;
				GCC_WARN_UNINITIALIZED_AUTOS = YES_AGGRESSIVE;
				GCC_WARN_UNUSED_FUNCTION = YES;
				GCC_WARN_UNUSED_VARIABLE = YES;
				IPHONEOS_DEPLOYMENT_TARGET = 15.5;
				MTL_ENABLE_DEBUG_INFO = INCLUDE_SOURCE;
				MTL_FAST_MATH = YES;
				ONLY_ACTIVE_ARCH = YES;
				SDKROOT = iphoneos;
				SWIFT_ACTIVE_COMPILATION_CONDITIONS = DEBUG;
				SWIFT_OPTIMIZATION_LEVEL = "-Onone";
			};
			name = Debug;
		};
		A9970AD02A13832E00C91BA5 /* Release */ = {
			isa = XCBuildConfiguration;
			buildSettings = {
				ALWAYS_SEARCH_USER_PATHS = NO;
				CLANG_ANALYZER_NONNULL = YES;
				CLANG_ANALYZER_NUMBER_OBJECT_CONVERSION = YES_AGGRESSIVE;
				CLANG_CXX_LANGUAGE_STANDARD = "gnu++17";
				CLANG_ENABLE_MODULES = YES;
				CLANG_ENABLE_OBJC_ARC = YES;
				CLANG_ENABLE_OBJC_WEAK = YES;
				CLANG_WARN_BLOCK_CAPTURE_AUTORELEASING = YES;
				CLANG_WARN_BOOL_CONVERSION = YES;
				CLANG_WARN_COMMA = YES;
				CLANG_WARN_CONSTANT_CONVERSION = YES;
				CLANG_WARN_DEPRECATED_OBJC_IMPLEMENTATIONS = YES;
				CLANG_WARN_DIRECT_OBJC_ISA_USAGE = YES_ERROR;
				CLANG_WARN_DOCUMENTATION_COMMENTS = YES;
				CLANG_WARN_EMPTY_BODY = YES;
				CLANG_WARN_ENUM_CONVERSION = YES;
				CLANG_WARN_INFINITE_RECURSION = YES;
				CLANG_WARN_INT_CONVERSION = YES;
				CLANG_WARN_NON_LITERAL_NULL_CONVERSION = YES;
				CLANG_WARN_OBJC_IMPLICIT_RETAIN_SELF = YES;
				CLANG_WARN_OBJC_LITERAL_CONVERSION = YES;
				CLANG_WARN_OBJC_ROOT_CLASS = YES_ERROR;
				CLANG_WARN_QUOTED_INCLUDE_IN_FRAMEWORK_HEADER = YES;
				CLANG_WARN_RANGE_LOOP_ANALYSIS = YES;
				CLANG_WARN_STRICT_PROTOTYPES = YES;
				CLANG_WARN_SUSPICIOUS_MOVE = YES;
				CLANG_WARN_UNGUARDED_AVAILABILITY = YES_AGGRESSIVE;
				CLANG_WARN_UNREACHABLE_CODE = YES;
				CLANG_WARN__DUPLICATE_METHOD_MATCH = YES;
				COPY_PHASE_STRIP = NO;
				DEBUG_INFORMATION_FORMAT = "dwarf-with-dsym";
				ENABLE_NS_ASSERTIONS = NO;
				ENABLE_STRICT_OBJC_MSGSEND = YES;
				GCC_C_LANGUAGE_STANDARD = gnu11;
				GCC_NO_COMMON_BLOCKS = YES;
				GCC_WARN_64_TO_32_BIT_CONVERSION = YES;
				GCC_WARN_ABOUT_RETURN_TYPE = YES_ERROR;
				GCC_WARN_UNDECLARED_SELECTOR = YES;
				GCC_WARN_UNINITIALIZED_AUTOS = YES_AGGRESSIVE;
				GCC_WARN_UNUSED_FUNCTION = YES;
				GCC_WARN_UNUSED_VARIABLE = YES;
				IPHONEOS_DEPLOYMENT_TARGET = 15.5;
				MTL_ENABLE_DEBUG_INFO = NO;
				MTL_FAST_MATH = YES;
				SDKROOT = iphoneos;
				SWIFT_COMPILATION_MODE = wholemodule;
				SWIFT_OPTIMIZATION_LEVEL = "-O";
				VALIDATE_PRODUCT = YES;
			};
			name = Release;
		};
		A9970AD22A13832E00C91BA5 /* Debug */ = {
			isa = XCBuildConfiguration;
			baseConfigurationReference = 75FF7C16134E77234BE4F03E /* Pods-ExamCountdown.debug.xcconfig */;
			buildSettings = {
				ASSETCATALOG_COMPILER_APPICON_NAME = AppIcon;
				ASSETCATALOG_COMPILER_GLOBAL_ACCENT_COLOR_NAME = AccentColor;
				CODE_SIGN_STYLE = Automatic;
				CURRENT_PROJECT_VERSION = 1;
				DEVELOPMENT_TEAM = MZ8ZBRWR4D;
				GENERATE_INFOPLIST_FILE = YES;
				INFOPLIST_FILE = ExamCountdown/Info.plist;
				INFOPLIST_KEY_UIApplicationSupportsIndirectInputEvents = YES;
				INFOPLIST_KEY_UILaunchStoryboardName = LaunchScreen;
				INFOPLIST_KEY_UISupportedInterfaceOrientations_iPad = "UIInterfaceOrientationPortrait UIInterfaceOrientationPortraitUpsideDown UIInterfaceOrientationLandscapeLeft UIInterfaceOrientationLandscapeRight";
				INFOPLIST_KEY_UISupportedInterfaceOrientations_iPhone = "UIInterfaceOrientationPortrait UIInterfaceOrientationLandscapeLeft UIInterfaceOrientationLandscapeRight";
				LD_RUNPATH_SEARCH_PATHS = (
					"$(inherited)",
					"@executable_path/Frameworks",
				);
				MARKETING_VERSION = 1.0;
				PRODUCT_BUNDLE_IDENTIFIER = me.thientoan.nguyentran.ExamCountdown;
				PRODUCT_NAME = "$(TARGET_NAME)";
				SWIFT_EMIT_LOC_STRINGS = YES;
				SWIFT_VERSION = 5.0;
				TARGETED_DEVICE_FAMILY = "1,2";
			};
			name = Debug;
		};
		A9970AD32A13832E00C91BA5 /* Release */ = {
			isa = XCBuildConfiguration;
			baseConfigurationReference = 7275EA559529C4F1827A50CB /* Pods-ExamCountdown.release.xcconfig */;
			buildSettings = {
				ASSETCATALOG_COMPILER_APPICON_NAME = AppIcon;
				ASSETCATALOG_COMPILER_GLOBAL_ACCENT_COLOR_NAME = AccentColor;
				CODE_SIGN_STYLE = Automatic;
				CURRENT_PROJECT_VERSION = 1;
				DEVELOPMENT_TEAM = MZ8ZBRWR4D;
				GENERATE_INFOPLIST_FILE = YES;
				INFOPLIST_FILE = ExamCountdown/Info.plist;
				INFOPLIST_KEY_UIApplicationSupportsIndirectInputEvents = YES;
				INFOPLIST_KEY_UILaunchStoryboardName = LaunchScreen;
				INFOPLIST_KEY_UISupportedInterfaceOrientations_iPad = "UIInterfaceOrientationPortrait UIInterfaceOrientationPortraitUpsideDown UIInterfaceOrientationLandscapeLeft UIInterfaceOrientationLandscapeRight";
				INFOPLIST_KEY_UISupportedInterfaceOrientations_iPhone = "UIInterfaceOrientationPortrait UIInterfaceOrientationLandscapeLeft UIInterfaceOrientationLandscapeRight";
				LD_RUNPATH_SEARCH_PATHS = (
					"$(inherited)",
					"@executable_path/Frameworks",
				);
				MARKETING_VERSION = 1.0;
				PRODUCT_BUNDLE_IDENTIFIER = me.thientoan.nguyentran.ExamCountdown;
				PRODUCT_NAME = "$(TARGET_NAME)";
				SWIFT_EMIT_LOC_STRINGS = YES;
				SWIFT_VERSION = 5.0;
				TARGETED_DEVICE_FAMILY = "1,2";
			};
			name = Release;
		};
/* End XCBuildConfiguration section */

/* Begin XCConfigurationList section */
		A9970AB82A13832C00C91BA5 /* Build configuration list for PBXProject "ExamCountdown" */ = {
			isa = XCConfigurationList;
			buildConfigurations = (
				A9970ACF2A13832E00C91BA5 /* Debug */,
				A9970AD02A13832E00C91BA5 /* Release */,
			);
			defaultConfigurationIsVisible = 0;
			defaultConfigurationName = Release;
		};
		A9970AD12A13832E00C91BA5 /* Build configuration list for PBXNativeTarget "ExamCountdown" */ = {
			isa = XCConfigurationList;
			buildConfigurations = (
				A9970AD22A13832E00C91BA5 /* Debug */,
				A9970AD32A13832E00C91BA5 /* Release */,
			);
			defaultConfigurationIsVisible = 0;
			defaultConfigurationName = Release;
		};
/* End XCConfigurationList section */
	};
	rootObject = A9970AB52A13832C00C91BA5 /* Project object */;
}
